
Microsoft Visual Studio Solution File, Format Version 12.00
# Visual Studio Version 17
VisualStudioVersion = 17.1.32210.238
MinimumVisualStudioVersion = 10.0.40219.1
Project("{FAE04EC0-301F-11D3-BF4B-00C04F79EFBC}") = "BerberiaVacana", "BerberiaVacana\BerberiaVacana.csproj", "{A1B29986-9172-46C2-80F1-E36FDA11F0D5}"
EndProject
Global
	GlobalSection(SolutionConfigurationPlatforms) = preSolution
		Debug|Any CPU = Debug|Any CPU
		Release|Any CPU = Release|Any CPU
	EndGlobalSection
	GlobalSection(ProjectConfigurationPlatforms) = postSolution
		{A1B29986-9172-46C2-80F1-E36FDA11F0D5}.Debug|Any CPU.ActiveCfg = Debug|Any CPU
		{A1B29986-9172-46C2-80F1-E36FDA11F0D5}.Debug|Any CPU.Build.0 = Debug|Any CPU
		{A1B29986-9172-46C2-80F1-E36FDA11F0D5}.Release|Any CPU.ActiveCfg = Release|Any CPU
		{A1B29986-9172-46C2-80F1-E36FDA11F0D5}.Release|Any CPU.Build.0 = Release|Any CPU
	EndGlobalSection
	GlobalSection(SolutionProperties) = preSolution
		HideSolutionNode = FALSE
	EndGlobalSection
	GlobalSection(ExtensibilityGlobals) = postSolution
		SolutionGuid = {D5035575-BDC9-4F44-AB96-F3D0F28EE6A1}
	EndGlobalSection
EndGlobal
